
Microsoft Visual Studio Solution File, Format Version 11.00
# Visual Studio 2010
Project("{F184B08F-C81C-45F6-A57F-5ABD9991F28F}") = "Vifarnet", "Vifarnet\Vifarnet.vbproj", "{18F92233-A8C6-4071-AF1E-BE70593417DC}"
EndProject
Global
	GlobalSection(SolutionConfigurationPlatforms) = preSolution
		Debug|x86 = Debug|x86
		Release|x86 = Release|x86
	EndGlobalSection
	GlobalSection(ProjectConfigurationPlatforms) = postSolution
		{18F92233-A8C6-4071-AF1E-BE70593417DC}.Debug|x86.ActiveCfg = Debug|x86
		{18F92233-A8C6-4071-AF1E-BE70593417DC}.Debug|x86.Build.0 = Debug|x86
		{18F92233-A8C6-4071-AF1E-BE70593417DC}.Release|x86.ActiveCfg = Release|x86
		{18F92233-A8C6-4071-AF1E-BE70593417DC}.Release|x86.Build.0 = Release|x86
	EndGlobalSection
	GlobalSection(SolutionProperties) = preSolution
		HideSolutionNode = FALSE
	EndGlobalSection
EndGlobal
